
Microsoft Visual Studio Solution File, Format Version 12.00
# Visual Studio Version 17
VisualStudioVersion = 17.5.33627.172
MinimumVisualStudioVersion = 10.0.40219.1
Project("{FAE04EC0-301F-11D3-BF4B-00C04F79EFBC}") = "ServoController", "ServoController\ServoController.csproj", "{7D2CB749-05C6-429A-92E6-3768F4C91403}"
EndProject
Global
	GlobalSection(SolutionConfigurationPlatforms) = preSolution
		Debug|Any CPU = Debug|Any CPU
		Release|Any CPU = Release|Any CPU
	EndGlobalSection
	GlobalSection(ProjectConfigurationPlatforms) = postSolution
		{7D2CB749-05C6-429A-92E6-3768F4C91403}.Debug|Any CPU.ActiveCfg = Debug|Any CPU
		{7D2CB749-05C6-429A-92E6-3768F4C91403}.Debug|Any CPU.Build.0 = Debug|Any CPU
		{7D2CB749-05C6-429A-92E6-3768F4C91403}.Release|Any CPU.ActiveCfg = Release|Any CPU
		{7D2CB749-05C6-429A-92E6-3768F4C91403}.Release|Any CPU.Build.0 = Release|Any CPU
	EndGlobalSection
	GlobalSection(SolutionProperties) = preSolution
		HideSolutionNode = FALSE
	EndGlobalSection
	GlobalSection(ExtensibilityGlobals) = postSolution
		SolutionGuid = {C7D80BFE-BA10-43BC-939D-9E713EE65AD9}
	EndGlobalSection
EndGlobal
